// !$*UTF8*$!
{
	archiveVersion = 1;
	classes = {
	};
	objectVersion = 50;
	objects = {

/* Begin PBXBuildFile section */
		927BD43E25DE6E6300047779 /* AppDelegate.swift in Sources */ = {isa = PBXBuildFile; fileRef = 927BD43D25DE6E6300047779 /* AppDelegate.swift */; };
		927BD44025DE6E6300047779 /* SceneDelegate.swift in Sources */ = {isa = PBXBuildFile; fileRef = 927BD43F25DE6E6300047779 /* SceneDelegate.swift */; };
		927BD44225DE6E6300047779 /* ViewController.swift in Sources */ = {isa = PBXBuildFile; fileRef = 927BD44125DE6E6300047779 /* ViewController.swift */; };
		927BD44525DE6E6300047779 /* Main.storyboard in Resources */ = {isa = PBXBuildFile; fileRef = 927BD44325DE6E6300047779 /* Main.storyboard */; };
		927BD44725DE6E6400047779 /* Assets.xcassets in Resources */ = {isa = PBXBuildFile; fileRef = 927BD44625DE6E6400047779 /* Assets.xcassets */; };
		927BD44A25DE6E6400047779 /* LaunchScreen.storyboard in Resources */ = {isa = PBXBuildFile; fileRef = 927BD44825DE6E6400047779 /* LaunchScreen.storyboard */; };
		927BD45325DE6FCD00047779 /* FirstTableViewController.swift in Sources */ = {isa = PBXBuildFile; fileRef = 927BD45225DE6FCD00047779 /* FirstTableViewController.swift */; };
		927BD45625DE76F500047779 /* Settings.swift in Sources */ = {isa = PBXBuildFile; fileRef = 927BD45525DE76F500047779 /* Settings.swift */; };
		927BD45925E6559500047779 /* WebAuthViewController.swift in Sources */ = {isa = PBXBuildFile; fileRef = 927BD45825E6559500047779 /* WebAuthViewController.swift */; };
		927BD45C25E65FDE00047779 /* GroupsTableViewController.swift in Sources */ = {isa = PBXBuildFile; fileRef = 927BD45B25E65FDE00047779 /* GroupsTableViewController.swift */; };
		927BD45F25E7A98400047779 /* FriendsTableViewController.swift in Sources */ = {isa = PBXBuildFile; fileRef = 927BD45E25E7A98400047779 /* FriendsTableViewController.swift */; };
		92C50AA125EE3FB300D33D09 /* PhotosCollectionViewController.swift in Sources */ = {isa = PBXBuildFile; fileRef = 92C50AA025EE3FB300D33D09 /* PhotosCollectionViewController.swift */; };
		92C50AA425EE460700D33D09 /* PhotoCollectionViewCell.swift in Sources */ = {isa = PBXBuildFile; fileRef = 92C50AA325EE460700D33D09 /* PhotoCollectionViewCell.swift */; };
		F7BB03754CB70E9D5535CB9C /* Pods_SNApp.framework in Frameworks */ = {isa = PBXBuildFile; fileRef = 9659988866AD678FC4222BF9 /* Pods_SNApp.framework */; };
/* End PBXBuildFile section */

/* Begin PBXFileReference section */
		3F6F72B927FD1C8F077031C6 /* Pods-SNApp.release.xcconfig */ = {isa = PBXFileReference; includeInIndex = 1; lastKnownFileType = text.xcconfig; name = "Pods-SNApp.release.xcconfig"; path = "Target Support Files/Pods-SNApp/Pods-SNApp.release.xcconfig"; sourceTree = "<group>"; };
		90B9684AB2F5293E8BB0479D /* Pods-SNApp.debug.xcconfig */ = {isa = PBXFileReference; includeInIndex = 1; lastKnownFileType = text.xcconfig; name = "Pods-SNApp.debug.xcconfig"; path = "Target Support Files/Pods-SNApp/Pods-SNApp.debug.xcconfig"; sourceTree = "<group>"; };
		927BD43A25DE6E6300047779 /* SNApp.app */ = {isa = PBXFileReference; explicitFileType = wrapper.application; includeInIndex = 0; path = SNApp.app; sourceTree = BUILT_PRODUCTS_DIR; };
		927BD43D25DE6E6300047779 /* AppDelegate.swift */ = {isa = PBXFileReference; lastKnownFileType = sourcecode.swift; path = AppDelegate.swift; sourceTree = "<group>"; };
		927BD43F25DE6E6300047779 /* SceneDelegate.swift */ = {isa = PBXFileReference; lastKnownFileType = sourcecode.swift; path = SceneDelegate.swift; sourceTree = "<group>"; };
		927BD44125DE6E6300047779 /* ViewController.swift */ = {isa = PBXFileReference; lastKnownFileType = sourcecode.swift; path = ViewController.swift; sourceTree = "<group>"; };
		927BD44425DE6E6300047779 /* Base */ = {isa = PBXFileReference; lastKnownFileType = file.storyboard; name = Base; path = Base.lproj/Main.storyboard; sourceTree = "<group>"; };
		927BD44625DE6E6400047779 /* Assets.xcassets */ = {isa = PBXFileReference; lastKnownFileType = folder.assetcatalog; path = Assets.xcassets; sourceTree = "<group>"; };
		927BD44925DE6E6400047779 /* Base */ = {isa = PBXFileReference; lastKnownFileType = file.storyboard; name = Base; path = Base.lproj/LaunchScreen.storyboard; sourceTree = "<group>"; };
		927BD44B25DE6E6400047779 /* Info.plist */ = {isa = PBXFileReference; lastKnownFileType = text.plist.xml; path = Info.plist; sourceTree = "<group>"; };
		927BD45225DE6FCD00047779 /* FirstTableViewController.swift */ = {isa = PBXFileReference; lastKnownFileType = sourcecode.swift; path = FirstTableViewController.swift; sourceTree = "<group>"; };
		927BD45525DE76F500047779 /* Settings.swift */ = {isa = PBXFileReference; lastKnownFileType = sourcecode.swift; path = Settings.swift; sourceTree = "<group>"; };
		927BD45825E6559500047779 /* WebAuthViewController.swift */ = {isa = PBXFileReference; lastKnownFileType = sourcecode.swift; path = WebAuthViewController.swift; sourceTree = "<group>"; };
		927BD45B25E65FDE00047779 /* GroupsTableViewController.swift */ = {isa = PBXFileReference; lastKnownFileType = sourcecode.swift; path = GroupsTableViewController.swift; sourceTree = "<group>"; };
		927BD45E25E7A98400047779 /* FriendsTableViewController.swift */ = {isa = PBXFileReference; lastKnownFileType = sourcecode.swift; path = FriendsTableViewController.swift; sourceTree = "<group>"; };
		92C50AA025EE3FB300D33D09 /* PhotosCollectionViewController.swift */ = {isa = PBXFileReference; lastKnownFileType = sourcecode.swift; path = PhotosCollectionViewController.swift; sourceTree = "<group>"; };
		92C50AA325EE460700D33D09 /* PhotoCollectionViewCell.swift */ = {isa = PBXFileReference; lastKnownFileType = sourcecode.swift; path = PhotoCollectionViewCell.swift; sourceTree = "<group>"; };
		9659988866AD678FC4222BF9 /* Pods_SNApp.framework */ = {isa = PBXFileReference; explicitFileType = wrapper.framework; includeInIndex = 0; path = Pods_SNApp.framework; sourceTree = BUILT_PRODUCTS_DIR; };
/* End PBXFileReference section */

/* Begin PBXFrameworksBuildPhase section */
		927BD43725DE6E6300047779 /* Frameworks */ = {
			isa = PBXFrameworksBuildPhase;
			buildActionMask = 2147483647;
			files = (
				F7BB03754CB70E9D5535CB9C /* Pods_SNApp.framework in Frameworks */,
			);
			runOnlyForDeploymentPostprocessing = 0;
		};
/* End PBXFrameworksBuildPhase section */

/* Begin PBXGroup section */
		20C6F5BA1ACA8C22F1BF1557 /* Frameworks */ = {
			isa = PBXGroup;
			children = (
				9659988866AD678FC4222BF9 /* Pods_SNApp.framework */,
			);
			name = Frameworks;
			sourceTree = "<group>";
		};
		8B61A86C3A8420BD3755F0FF /* Pods */ = {
			isa = PBXGroup;
			children = (
				90B9684AB2F5293E8BB0479D /* Pods-SNApp.debug.xcconfig */,
				3F6F72B927FD1C8F077031C6 /* Pods-SNApp.release.xcconfig */,
			);
			name = Pods;
			path = Pods;
			sourceTree = "<group>";
		};
		927BD43125DE6E6300047779 = {
			isa = PBXGroup;
			children = (
				927BD43C25DE6E6300047779 /* SNApp */,
				927BD43B25DE6E6300047779 /* Products */,
				8B61A86C3A8420BD3755F0FF /* Pods */,
				20C6F5BA1ACA8C22F1BF1557 /* Frameworks */,
			);
			sourceTree = "<group>";
		};
		927BD43B25DE6E6300047779 /* Products */ = {
			isa = PBXGroup;
			children = (
				927BD43A25DE6E6300047779 /* SNApp.app */,
			);
			name = Products;
			sourceTree = "<group>";
		};
		927BD43C25DE6E6300047779 /* SNApp */ = {
			isa = PBXGroup;
			children = (
				927BD43D25DE6E6300047779 /* AppDelegate.swift */,
				927BD43F25DE6E6300047779 /* SceneDelegate.swift */,
				927BD44125DE6E6300047779 /* ViewController.swift */,
				927BD45525DE76F500047779 /* Settings.swift */,
				927BD44325DE6E6300047779 /* Main.storyboard */,
				92C50AA325EE460700D33D09 /* PhotoCollectionViewCell.swift */,
				92C50AA025EE3FB300D33D09 /* PhotosCollectionViewController.swift */,
				927BD45B25E65FDE00047779 /* GroupsTableViewController.swift */,
				927BD45E25E7A98400047779 /* FriendsTableViewController.swift */,
				927BD45825E6559500047779 /* WebAuthViewController.swift */,
				927BD45225DE6FCD00047779 /* FirstTableViewController.swift */,
				927BD44625DE6E6400047779 /* Assets.xcassets */,
				927BD44825DE6E6400047779 /* LaunchScreen.storyboard */,
				927BD44B25DE6E6400047779 /* Info.plist */,
			);
			path = SNApp;
			sourceTree = "<group>";
		};
/* End PBXGroup section */

/* Begin PBXNativeTarget section */
		927BD43925DE6E6300047779 /* SNApp */ = {
			isa = PBXNativeTarget;
			buildConfigurationList = 927BD44E25DE6E6400047779 /* Build configuration list for PBXNativeTarget "SNApp" */;
			buildPhases = (
				E4E177D9E449A3203B4AFDCC /* [CP] Check Pods Manifest.lock */,
				927BD43625DE6E6300047779 /* Sources */,
				927BD43725DE6E6300047779 /* Frameworks */,
				927BD43825DE6E6300047779 /* Resources */,
				CA4BAFA54F6799E46541587C /* [CP] Embed Pods Frameworks */,
			);
			buildRules = (
			);
			dependencies = (
			);
			name = SNApp;
			productName = SNApp;
			productReference = 927BD43A25DE6E6300047779 /* SNApp.app */;
			productType = "com.apple.product-type.application";
		};
/* End PBXNativeTarget section */

/* Begin PBXProject section */
		927BD43225DE6E6300047779 /* Project object */ = {
			isa = PBXProject;
			attributes = {
				LastSwiftUpdateCheck = 1240;
				LastUpgradeCheck = 1240;
				TargetAttributes = {
					927BD43925DE6E6300047779 = {
						CreatedOnToolsVersion = 12.4;
					};
				};
			};
			buildConfigurationList = 927BD43525DE6E6300047779 /* Build configuration list for PBXProject "SNApp" */;
			compatibilityVersion = "Xcode 9.3";
			developmentRegion = en;
			hasScannedForEncodings = 0;
			knownRegions = (
				en,
				Base,
			);
			mainGroup = 927BD43125DE6E6300047779;
			productRefGroup = 927BD43B25DE6E6300047779 /* Products */;
			projectDirPath = "";
			projectRoot = "";
			targets = (
				927BD43925DE6E6300047779 /* SNApp */,
			);
		};
/* End PBXProject section */

/* Begin PBXResourcesBuildPhase section */
		927BD43825DE6E6300047779 /* Resources */ = {
			isa = PBXResourcesBuildPhase;
			buildActionMask = 2147483647;
			files = (
				927BD44A25DE6E6400047779 /* LaunchScreen.storyboard in Resources */,
				927BD44725DE6E6400047779 /* Assets.xcassets in Resources */,
				927BD44525DE6E6300047779 /* Main.storyboard in Resources */,
			);
			runOnlyForDeploymentPostprocessing = 0;
		};
/* End PBXResourcesBuildPhase section */

/* Begin PBXShellScriptBuildPhase section */
		CA4BAFA54F6799E46541587C /* [CP] Embed Pods Frameworks */ = {
			isa = PBXShellScriptBuildPhase;
			buildActionMask = 2147483647;
			files = (
			);
			inputFileListPaths = (
				"${PODS_ROOT}/Target Support Files/Pods-SNApp/Pods-SNApp-frameworks-${CONFIGURATION}-input-files.xcfilelist",
			);
			name = "[CP] Embed Pods Frameworks";
			outputFileListPaths = (
				"${PODS_ROOT}/Target Support Files/Pods-SNApp/Pods-SNApp-frameworks-${CONFIGURATION}-output-files.xcfilelist",
			);
			runOnlyForDeploymentPostprocessing = 0;
			shellPath = /bin/sh;
			shellScript = "\"${PODS_ROOT}/Target Support Files/Pods-SNApp/Pods-SNApp-frameworks.sh\"\n";
			showEnvVarsInLog = 0;
		};
		E4E177D9E449A3203B4AFDCC /* [CP] Check Pods Manifest.lock */ = {
			isa = PBXShellScriptBuildPhase;
			buildActionMask = 2147483647;
			files = (
			);
			inputFileListPaths = (
			);
			inputPaths = (
				"${PODS_PODFILE_DIR_PATH}/Podfile.lock",
				"${PODS_ROOT}/Manifest.lock",
			);
			name = "[CP] Check Pods Manifest.lock";
			outputFileListPaths = (
			);
			outputPaths = (
				"$(DERIVED_FILE_DIR)/Pods-SNApp-checkManifestLockResult.txt",
			);
			runOnlyForDeploymentPostprocessing = 0;
			shellPath = /bin/sh;
			shellScript = "diff \"${PODS_PODFILE_DIR_PATH}/Podfile.lock\" \"${PODS_ROOT}/Manifest.lock\" > /dev/null\nif [ $? != 0 ] ; then\n    # print error to STDERR\n    echo \"error: The sandbox is not in sync with the Podfile.lock. Run 'pod install' or update your CocoaPods installation.\" >&2\n    exit 1\nfi\n# This output is used by Xcode 'outputs' to avoid re-running this script phase.\necho \"SUCCESS\" > \"${SCRIPT_OUTPUT_FILE_0}\"\n";
			showEnvVarsInLog = 0;
		};
/* End PBXShellScriptBuildPhase section */

/* Begin PBXSourcesBuildPhase section */
		927BD43625DE6E6300047779 /* Sources */ = {
			isa = PBXSourcesBuildPhase;
			buildActionMask = 2147483647;
			files = (
				927BD45325DE6FCD00047779 /* FirstTableViewController.swift in Sources */,
				92C50AA425EE460700D33D09 /* PhotoCollectionViewCell.swift in Sources */,
				927BD44225DE6E6300047779 /* ViewController.swift in Sources */,
				927BD45F25E7A98400047779 /* FriendsTableViewController.swift in Sources */,
				927BD43E25DE6E6300047779 /* AppDelegate.swift in Sources */,
				927BD44025DE6E6300047779 /* SceneDelegate.swift in Sources */,
				927BD45C25E65FDE00047779 /* GroupsTableViewController.swift in Sources */,
				92C50AA125EE3FB300D33D09 /* PhotosCollectionViewController.swift in Sources */,
				927BD45625DE76F500047779 /* Settings.swift in Sources */,
				927BD45925E6559500047779 /* WebAuthViewController.swift in Sources */,
			);
			runOnlyForDeploymentPostprocessing = 0;
		};
/* End PBXSourcesBuildPhase section */

/* Begin PBXVariantGroup section */
		927BD44325DE6E6300047779 /* Main.storyboard */ = {
			isa = PBXVariantGroup;
			children = (
				927BD44425DE6E6300047779 /* Base */,
			);
			name = Main.storyboard;
			sourceTree = "<group>";
		};
		927BD44825DE6E6400047779 /* LaunchScreen.storyboard */ = {
			isa = PBXVariantGroup;
			children = (
				927BD44925DE6E6400047779 /* Base */,
			);
			name = LaunchScreen.storyboard;
			sourceTree = "<group>";
		};
/* End PBXVariantGroup section */

/* Begin XCBuildConfiguration section */
		927BD44C25DE6E6400047779 /* Debug */ = {
			isa = XCBuildConfiguration;
			buildSettings = {
				ALWAYS_SEARCH_USER_PATHS = NO;
				CLANG_ANALYZER_NONNULL = YES;
				CLANG_ANALYZER_NUMBER_OBJECT_CONVERSION = YES_AGGRESSIVE;
				CLANG_CXX_LANGUAGE_STANDARD = "gnu++14";
				CLANG_CXX_LIBRARY = "libc++";
				CLANG_ENABLE_MODULES = YES;
				CLANG_ENABLE_OBJC_ARC = YES;
				CLANG_ENABLE_OBJC_WEAK = YES;
				CLANG_WARN_BLOCK_CAPTURE_AUTORELEASING = YES;
				CLANG_WARN_BOOL_CONVERSION = YES;
				CLANG_WARN_COMMA = YES;
				CLANG_WARN_CONSTANT_CONVERSION = YES;
				CLANG_WARN_DEPRECATED_OBJC_IMPLEMENTATIONS = YES;
				CLANG_WARN_DIRECT_OBJC_ISA_USAGE = YES_ERROR;
				CLANG_WARN_DOCUMENTATION_COMMENTS = YES;
				CLANG_WARN_EMPTY_BODY = YES;
				CLANG_WARN_ENUM_CONVERSION = YES;
				CLANG_WARN_INFINITE_RECURSION = YES;
				CLANG_WARN_INT_CONVERSION = YES;
				CLANG_WARN_NON_LITERAL_NULL_CONVERSION = YES;
				CLANG_WARN_OBJC_IMPLICIT_RETAIN_SELF = YES;
				CLANG_WARN_OBJC_LITERAL_CONVERSION = YES;
				CLANG_WARN_OBJC_ROOT_CLASS = YES_ERROR;
				CLANG_WARN_QUOTED_INCLUDE_IN_FRAMEWORK_HEADER = YES;
				CLANG_WARN_RANGE_LOOP_ANALYSIS = YES;
				CLANG_WARN_STRICT_PROTOTYPES = YES;
				CLANG_WARN_SUSPICIOUS_MOVE = YES;
				CLANG_WARN_UNGUARDED_AVAILABILITY = YES_AGGRESSIVE;
				CLANG_WARN_UNREACHABLE_CODE = YES;
				CLANG_WARN__DUPLICATE_METHOD_MATCH = YES;
				COPY_PHASE_STRIP = NO;
				DEBUG_INFORMATION_FORMAT = dwarf;
				ENABLE_STRICT_OBJC_MSGSEND = YES;
				ENABLE_TESTABILITY = YES;
				GCC_C_LANGUAGE_STANDARD = gnu11;
				GCC_DYNAMIC_NO_PIC = NO;
				GCC_NO_COMMON_BLOCKS = YES;
				GCC_OPTIMIZATION_LEVEL = 0;
				GCC_PREPROCESSOR_DEFINITIONS = (
					"DEBUG=1",
					"$(inherited)",
				);
				GCC_WARN_64_TO_32_BIT_CONVERSION = YES;
				GCC_WARN_ABOUT_RETURN_TYPE = YES_ERROR;
				GCC_WARN_UNDECLARED_SELECTOR = YES;
				GCC_WARN_UNINITIALIZED_AUTOS = YES_AGGRESSIVE;
				GCC_WARN_UNUSED_FUNCTION = YES;
				GCC_WARN_UNUSED_VARIABLE = YES;
				IPHONEOS_DEPLOYMENT_TARGET = 14.4;
				MTL_ENABLE_DEBUG_INFO = INCLUDE_SOURCE;
				MTL_FAST_MATH = YES;
				ONLY_ACTIVE_ARCH = YES;
				SDKROOT = iphoneos;
				SWIFT_ACTIVE_COMPILATION_CONDITIONS = DEBUG;
				SWIFT_OPTIMIZATION_LEVEL = "-Onone";
			};
			name = Debug;
		};
		927BD44D25DE6E6400047779 /* Release */ = {
			isa = XCBuildConfiguration;
			buildSettings = {
				ALWAYS_SEARCH_USER_PATHS = NO;
				CLANG_ANALYZER_NONNULL = YES;
				CLANG_ANALYZER_NUMBER_OBJECT_CONVERSION = YES_AGGRESSIVE;
				CLANG_CXX_LANGUAGE_STANDARD = "gnu++14";
				CLANG_CXX_LIBRARY = "libc++";
				CLANG_ENABLE_MODULES = YES;
				CLANG_ENABLE_OBJC_ARC = YES;
				CLANG_ENABLE_OBJC_WEAK = YES;
				CLANG_WARN_BLOCK_CAPTURE_AUTORELEASING = YES;
				CLANG_WARN_BOOL_CONVERSION = YES;
				CLANG_WARN_COMMA = YES;
				CLANG_WARN_CONSTANT_CONVERSION = YES;
				CLANG_WARN_DEPRECATED_OBJC_IMPLEMENTATIONS = YES;
				CLANG_WARN_DIRECT_OBJC_ISA_USAGE = YES_ERROR;
				CLANG_WARN_DOCUMENTATION_COMMENTS = YES;
				CLANG_WARN_EMPTY_BODY = YES;
				CLANG_WARN_ENUM_CONVERSION = YES;
				CLANG_WARN_INFINITE_RECURSION = YES;
				CLANG_WARN_INT_CONVERSION = YES;
				CLANG_WARN_NON_LITERAL_NULL_CONVERSION = YES;
				CLANG_WARN_OBJC_IMPLICIT_RETAIN_SELF = YES;
				CLANG_WARN_OBJC_LITERAL_CONVERSION = YES;
				CLANG_WARN_OBJC_ROOT_CLASS = YES_ERROR;
				CLANG_WARN_QUOTED_INCLUDE_IN_FRAMEWORK_HEADER = YES;
				CLANG_WARN_RANGE_LOOP_ANALYSIS = YES;
				CLANG_WARN_STRICT_PROTOTYPES = YES;
				CLANG_WARN_SUSPICIOUS_MOVE = YES;
				CLANG_WARN_UNGUARDED_AVAILABILITY = YES_AGGRESSIVE;
				CLANG_WARN_UNREACHABLE_CODE = YES;
				CLANG_WARN__DUPLICATE_METHOD_MATCH = YES;
				COPY_PHASE_STRIP = NO;
				DEBUG_INFORMATION_FORMAT = "dwarf-with-dsym";
				ENABLE_NS_ASSERTIONS = NO;
				ENABLE_STRICT_OBJC_MSGSEND = YES;
				GCC_C_LANGUAGE_STANDARD = gnu11;
				GCC_NO_COMMON_BLOCKS = YES;
				GCC_WARN_64_TO_32_BIT_CONVERSION = YES;
				GCC_WARN_ABOUT_RETURN_TYPE = YES_ERROR;
				GCC_WARN_UNDECLARED_SELECTOR = YES;
				GCC_WARN_UNINITIALIZED_AUTOS = YES_AGGRESSIVE;
				GCC_WARN_UNUSED_FUNCTION = YES;
				GCC_WARN_UNUSED_VARIABLE = YES;
				IPHONEOS_DEPLOYMENT_TARGET = 14.4;
				MTL_ENABLE_DEBUG_INFO = NO;
				MTL_FAST_MATH = YES;
				SDKROOT = iphoneos;
				SWIFT_COMPILATION_MODE = wholemodule;
				SWIFT_OPTIMIZATION_LEVEL = "-O";
				VALIDATE_PRODUCT = YES;
			};
			name = Release;
		};
		927BD44F25DE6E6400047779 /* Debug */ = {
			isa = XCBuildConfiguration;
			baseConfigurationReference = 90B9684AB2F5293E8BB0479D /* Pods-SNApp.debug.xcconfig */;
			buildSettings = {
				ASSETCATALOG_COMPILER_APPICON_NAME = AppIcon;
				ASSETCATALOG_COMPILER_GLOBAL_ACCENT_COLOR_NAME = AccentColor;
				CODE_SIGN_STYLE = Automatic;
				DEVELOPMENT_TEAM = Z3M69W545L;
				INFOPLIST_FILE = SNApp/Info.plist;
				LD_RUNPATH_SEARCH_PATHS = (
					"$(inherited)",
					"@executable_path/Frameworks",
				);
				PRODUCT_BUNDLE_IDENTIFIER = lona.ai.SNApp;
				PRODUCT_NAME = "$(TARGET_NAME)";
				SWIFT_VERSION = 5.0;
				TARGETED_DEVICE_FAMILY = "1,2";
			};
			name = Debug;
		};
		927BD45025DE6E6400047779 /* Release */ = {
			isa = XCBuildConfiguration;
			baseConfigurationReference = 3F6F72B927FD1C8F077031C6 /* Pods-SNApp.release.xcconfig */;
			buildSettings = {
				ASSETCATALOG_COMPILER_APPICON_NAME = AppIcon;
				ASSETCATALOG_COMPILER_GLOBAL_ACCENT_COLOR_NAME = AccentColor;
				CODE_SIGN_STYLE = Automatic;
				DEVELOPMENT_TEAM = Z3M69W545L;
				INFOPLIST_FILE = SNApp/Info.plist;
				LD_RUNPATH_SEARCH_PATHS = (
					"$(inherited)",
					"@executable_path/Frameworks",
				);
				PRODUCT_BUNDLE_IDENTIFIER = lona.ai.SNApp;
				PRODUCT_NAME = "$(TARGET_NAME)";
				SWIFT_VERSION = 5.0;
				TARGETED_DEVICE_FAMILY = "1,2";
			};
			name = Release;
		};
/* End XCBuildConfiguration section */

/* Begin XCConfigurationList section */
		927BD43525DE6E6300047779 /* Build configuration list for PBXProject "SNApp" */ = {
			isa = XCConfigurationList;
			buildConfigurations = (
				927BD44C25DE6E6400047779 /* Debug */,
				927BD44D25DE6E6400047779 /* Release */,
			);
			defaultConfigurationIsVisible = 0;
			defaultConfigurationName = Release;
		};
		927BD44E25DE6E6400047779 /* Build configuration list for PBXNativeTarget "SNApp" */ = {
			isa = XCConfigurationList;
			buildConfigurations = (
				927BD44F25DE6E6400047779 /* Debug */,
				927BD45025DE6E6400047779 /* Release */,
			);
			defaultConfigurationIsVisible = 0;
			defaultConfigurationName = Release;
		};
/* End XCConfigurationList section */
	};
	rootObject = 927BD43225DE6E6300047779 /* Project object */;
}
